
Microsoft Visual Studio Solution File, Format Version 12.00
# Visual Studio Version 17
VisualStudioVersion = 17.10.35013.160
MinimumVisualStudioVersion = 10.0.40219.1
Project("{FAE04EC0-301F-11D3-BF4B-00C04F79EFBC}") = "AlexProject", "AlexProject.csproj", "{F569CC99-2E98-4C7C-AFBE-1A4881750009}"
EndProject
Global
	GlobalSection(SolutionConfigurationPlatforms) = preSolution
		Debug|Any CPU = Debug|Any CPU
		Debug|ARM64 = Debug|ARM64
		Release|Any CPU = Release|Any CPU
		Release|ARM64 = Release|ARM64
	EndGlobalSection
	GlobalSection(ProjectConfigurationPlatforms) = postSolution
		{F569CC99-2E98-4C7C-AFBE-1A4881750009}.Debug|Any CPU.ActiveCfg = Debug|Any CPU
		{F569CC99-2E98-4C7C-AFBE-1A4881750009}.Debug|Any CPU.Build.0 = Debug|Any CPU
		{F569CC99-2E98-4C7C-AFBE-1A4881750009}.Debug|ARM64.ActiveCfg = Debug|Any CPU
		{F569CC99-2E98-4C7C-AFBE-1A4881750009}.Debug|ARM64.Build.0 = Debug|Any CPU
		{F569CC99-2E98-4C7C-AFBE-1A4881750009}.Release|Any CPU.ActiveCfg = Release|Any CPU
		{F569CC99-2E98-4C7C-AFBE-1A4881750009}.Release|Any CPU.Build.0 = Release|Any CPU
		{F569CC99-2E98-4C7C-AFBE-1A4881750009}.Release|ARM64.ActiveCfg = Release|Any CPU
		{F569CC99-2E98-4C7C-AFBE-1A4881750009}.Release|ARM64.Build.0 = Release|Any CPU
	EndGlobalSection
	GlobalSection(SolutionProperties) = preSolution
		HideSolutionNode = FALSE
	EndGlobalSection
	GlobalSection(ExtensibilityGlobals) = postSolution
		SolutionGuid = {391D221B-E512-412D-BE4F-A3DDD13D9966}
	EndGlobalSection
EndGlobal
